
Microsoft Visual Studio Solution File, Format Version 12.00
# Visual Studio Version 16
VisualStudioVersion = 16.0.33130.400
MinimumVisualStudioVersion = 10.0.40219.1
Project("{F14B399A-7131-4C87-9E4B-1186C45EF12D}") = "MGMAirRpts", "MGMAirRpts.rptproj", "{876C22AA-AF37-4F7E-82FC-6F3D60C5A449}"
EndProject
Global
	GlobalSection(SubversionScc) = preSolution
		Svn-Managed = True
		Manager = AnkhSVN - Subversion Support for Visual Studio
	EndGlobalSection
	GlobalSection(SolutionConfigurationPlatforms) = preSolution
		Debug|Default = Debug|Default
		DebugLocal|Default = DebugLocal|Default
		Release|Default = Release|Default
	EndGlobalSection
	GlobalSection(ProjectConfigurationPlatforms) = postSolution
		{876C22AA-AF37-4F7E-82FC-6F3D60C5A449}.Debug|Default.ActiveCfg = Debug
		{876C22AA-AF37-4F7E-82FC-6F3D60C5A449}.Debug|Default.Build.0 = Debug
		{876C22AA-AF37-4F7E-82FC-6F3D60C5A449}.Debug|Default.Deploy.0 = Debug
		{876C22AA-AF37-4F7E-82FC-6F3D60C5A449}.DebugLocal|Default.ActiveCfg = DebugLocal
		{876C22AA-AF37-4F7E-82FC-6F3D60C5A449}.DebugLocal|Default.Build.0 = DebugLocal
		{876C22AA-AF37-4F7E-82FC-6F3D60C5A449}.Release|Default.ActiveCfg = Release
		{876C22AA-AF37-4F7E-82FC-6F3D60C5A449}.Release|Default.Build.0 = Release
		{876C22AA-AF37-4F7E-82FC-6F3D60C5A449}.Release|Default.Deploy.0 = Release
	EndGlobalSection
	GlobalSection(SolutionProperties) = preSolution
		HideSolutionNode = FALSE
	EndGlobalSection
	GlobalSection(ExtensibilityGlobals) = postSolution
		SolutionGuid = {1E47B566-E89C-458B-BB16-D60F26CF2E72}
	EndGlobalSection
EndGlobal
